
Microsoft Visual Studio Solution File, Format Version 12.00
# Visual Studio 15
VisualStudioVersion = 15.0.28307.645
MinimumVisualStudioVersion = 10.0.40219.1
Project("{FAE04EC0-301F-11D3-BF4B-00C04F79EFBC}") = "BeautifyComboBox", "BeautifyComboBox\BeautifyComboBox.csproj", "{C288D110-F980-443B-9E5F-28D86B44D7BE}"
EndProject
Global
	GlobalSection(SolutionConfigurationPlatforms) = preSolution
		Debug|Any CPU = Debug|Any CPU
		Release|Any CPU = Release|Any CPU
	EndGlobalSection
	GlobalSection(ProjectConfigurationPlatforms) = postSolution
		{C288D110-F980-443B-9E5F-28D86B44D7BE}.Debug|Any CPU.ActiveCfg = Debug|Any CPU
		{C288D110-F980-443B-9E5F-28D86B44D7BE}.Debug|Any CPU.Build.0 = Debug|Any CPU
		{C288D110-F980-443B-9E5F-28D86B44D7BE}.Release|Any CPU.ActiveCfg = Release|Any CPU
		{C288D110-F980-443B-9E5F-28D86B44D7BE}.Release|Any CPU.Build.0 = Release|Any CPU
	EndGlobalSection
	GlobalSection(SolutionProperties) = preSolution
		HideSolutionNode = FALSE
	EndGlobalSection
	GlobalSection(ExtensibilityGlobals) = postSolution
		SolutionGuid = {196597D9-DC20-4A37-845F-3BD480D9BFA2}
	EndGlobalSection
EndGlobal
